PODS:
  - MTDNavigationView (0.1.1)

DEPENDENCIES:
  - MTDNavigationView (from `https://github.com/WessonWu/MTDNavigationController.git`)

EXTERNAL SOURCES:
  MTDNavigationView:
    :git: https://github.com/WessonWu/MTDNavigationController.git

CHECKOUT OPTIONS:
  MTDNavigationView:
    :commit: 25e780760698d394dfe767a44ecfbd16af0ee59d
    :git: https://github.com/WessonWu/MTDNavigationController.git

SPEC CHECKSUMS:
  MTDNavigationView: c307812f19ce617ac71919132e6eeba37064cf41

PODFILE CHECKSUM: f4dd5a0044fa1158cc0ce8ffdff4b489eab8d81a

COCOAPODS: 1.7.5
