PODS:
  - Alamofire (4.9.1)
  - HandyJSON (5.0.1)
  - Moya (13.0.1):
    - Moya/Core (= 13.0.1)
  - Moya/Core (13.0.1):
    - Alamofire (~> 4.1)
    - Result (~> 4.1)
  - Moya/RxSwift (13.0.1):
    - Moya/Core
    - RxSwift (~> 4.0)
  - Result (4.1.0)
  - RxCocoa (4.5.0):
    - RxSwift (>= 4.4.2, ~> 4.4)
  - RxSwift (4.5.0)
  - Thor/Core (0.1.0):
    - HandyJSON (~> 5.0)
    - Moya (~> 13.0)
  - Thor/RxThor (0.1.0):
    - Moya/RxSwift (~> 13.0)
    - Thor/Core

DEPENDENCIES:
  - HandyJSON
  - RxCocoa (~> 4.0)
  - RxSwift (~> 4.0)
  - Thor/Core (from `../`)
  - Thor/RxThor (from `../`)

SPEC REPOS:
  trunk:
    - Alamofire
    - HandyJSON
    - Moya
    - Result
    - RxCocoa
    - RxSwift

EXTERNAL SOURCES:
  Thor:
    :path: "../"

SPEC CHECKSUMS:
  Alamofire: 85e8a02c69d6020a0d734f6054870d7ecb75cf18
  HandyJSON: d45b8415c501e3affc59ca9762c1197ff0feb646
  Moya: f4a4b80ff2f8a4ffc208dfb31cd91636622fee6e
  Result: bd966fac789cc6c1563440b348ab2598cc24d5c7
  RxCocoa: cbf70265dc65a981d4ac982e513c10cf23df24a0
  RxSwift: f172070dfd1a93d70a9ab97a5a01166206e1c575
  Thor: 06b45367b2ecba441c80222e9b6bd571f1586c05

PODFILE CHECKSUM: afa3b2092f656a1af09a4011fe501db2692d3454

COCOAPODS: 1.8.4
