// !$*UTF8*$!
{
	archiveVersion = 1;
	classes = {
	};
	objectVersion = 50;
	objects = {

/* Begin PBXBuildFile section */
		0A004C94237B9C4A00602B32 /* AppDelegate.swift in Sources */ = {isa = PBXBuildFile; fileRef = 0A004C93237B9C4A00602B32 /* AppDelegate.swift */; };
		0A004C96237B9C4A00602B32 /* SceneDelegate.swift in Sources */ = {isa = PBXBuildFile; fileRef = 0A004C95237B9C4A00602B32 /* SceneDelegate.swift */; };
		0A004C98237B9C4A00602B32 /* ItemsViewController.swift in Sources */ = {isa = PBXBuildFile; fileRef = 0A004C97237B9C4A00602B32 /* ItemsViewController.swift */; };
		0A004C9B237B9C4A00602B32 /* Main.storyboard in Resources */ = {isa = PBXBuildFile; fileRef = 0A004C99237B9C4A00602B32 /* Main.storyboard */; };
		0A004C9D237B9C4C00602B32 /* Assets.xcassets in Resources */ = {isa = PBXBuildFile; fileRef = 0A004C9C237B9C4C00602B32 /* Assets.xcassets */; };
		0A004CA0237B9C4C00602B32 /* LaunchScreen.storyboard in Resources */ = {isa = PBXBuildFile; fileRef = 0A004C9E237B9C4C00602B32 /* LaunchScreen.storyboard */; };
		0A004CAB237B9C4C00602B32 /* TestAppStoreTests.swift in Sources */ = {isa = PBXBuildFile; fileRef = 0A004CAA237B9C4C00602B32 /* TestAppStoreTests.swift */; };
		0A004CB6237B9C4C00602B32 /* TestAppStoreUITests.swift in Sources */ = {isa = PBXBuildFile; fileRef = 0A004CB5237B9C4C00602B32 /* TestAppStoreUITests.swift */; };
		0A5015AA2388D3020059F1B7 /* InAppPurchasesObserver.swift in Sources */ = {isa = PBXBuildFile; fileRef = 0A5015A92388D3020059F1B7 /* InAppPurchasesObserver.swift */; };
		0A5015AD2388E1C80059F1B7 /* StoreKit.framework in Frameworks */ = {isa = PBXBuildFile; fileRef = 0A5015AC2388E1C80059F1B7 /* StoreKit.framework */; };
		0A5015AF23891AB50059F1B7 /* IAPProduct.swift in Sources */ = {isa = PBXBuildFile; fileRef = 0A5015AE23891AB50059F1B7 /* IAPProduct.swift */; };
		0A5015B123891C290059F1B7 /* IAPService.swift in Sources */ = {isa = PBXBuildFile; fileRef = 0A5015B023891C290059F1B7 /* IAPService.swift */; };
/* End PBXBuildFile section */

/* Begin PBXContainerItemProxy section */
		0A004CA7237B9C4C00602B32 /* PBXContainerItemProxy */ = {
			isa = PBXContainerItemProxy;
			containerPortal = 0A004C88237B9C4A00602B32 /* Project object */;
			proxyType = 1;
			remoteGlobalIDString = 0A004C8F237B9C4A00602B32;
			remoteInfo = TestAppStore;
		};
		0A004CB2237B9C4C00602B32 /* PBXContainerItemProxy */ = {
			isa = PBXContainerItemProxy;
			containerPortal = 0A004C88237B9C4A00602B32 /* Project object */;
			proxyType = 1;
			remoteGlobalIDString = 0A004C8F237B9C4A00602B32;
			remoteInfo = TestAppStore;
		};
/* End PBXContainerItemProxy section */

/* Begin PBXFileReference section */
		0A004C90237B9C4A00602B32 /* TestAppStore.app */ = {isa = PBXFileReference; explicitFileType = wrapper.application; includeInIndex = 0; path = TestAppStore.app; sourceTree = BUILT_PRODUCTS_DIR; };
		0A004C93237B9C4A00602B32 /* AppDelegate.swift */ = {isa = PBXFileReference; lastKnownFileType = sourcecode.swift; path = AppDelegate.swift; sourceTree = "<group>"; };
		0A004C95237B9C4A00602B32 /* SceneDelegate.swift */ = {isa = PBXFileReference; lastKnownFileType = sourcecode.swift; path = SceneDelegate.swift; sourceTree = "<group>"; };
		0A004C97237B9C4A00602B32 /* ItemsViewController.swift */ = {isa = PBXFileReference; lastKnownFileType = sourcecode.swift; path = ItemsViewController.swift; sourceTree = "<group>"; };
		0A004C9A237B9C4A00602B32 /* Base */ = {isa = PBXFileReference; lastKnownFileType = file.storyboard; name = Base; path = Base.lproj/Main.storyboard; sourceTree = "<group>"; };
		0A004C9C237B9C4C00602B32 /* Assets.xcassets */ = {isa = PBXFileReference; lastKnownFileType = folder.assetcatalog; path = Assets.xcassets; sourceTree = "<group>"; };
		0A004C9F237B9C4C00602B32 /* Base */ = {isa = PBXFileReference; lastKnownFileType = file.storyboard; name = Base; path = Base.lproj/LaunchScreen.storyboard; sourceTree = "<group>"; };
		0A004CA1237B9C4C00602B32 /* Info.plist */ = {isa = PBXFileReference; lastKnownFileType = text.plist.xml; path = Info.plist; sourceTree = "<group>"; };
		0A004CA6237B9C4C00602B32 /* TestAppStoreTests.xctest */ = {isa = PBXFileReference; explicitFileType = wrapper.cfbundle; includeInIndex = 0; path = TestAppStoreTests.xctest; sourceTree = BUILT_PRODUCTS_DIR; };
		0A004CAA237B9C4C00602B32 /* TestAppStoreTests.swift */ = {isa = PBXFileReference; lastKnownFileType = sourcecode.swift; path = TestAppStoreTests.swift; sourceTree = "<group>"; };
		0A004CAC237B9C4C00602B32 /* Info.plist */ = {isa = PBXFileReference; lastKnownFileType = text.plist.xml; path = Info.plist; sourceTree = "<group>"; };
		0A004CB1237B9C4C00602B32 /* TestAppStoreUITests.xctest */ = {isa = PBXFileReference; explicitFileType = wrapper.cfbundle; includeInIndex = 0; path = TestAppStoreUITests.xctest; sourceTree = BUILT_PRODUCTS_DIR; };
		0A004CB5237B9C4C00602B32 /* TestAppStoreUITests.swift */ = {isa = PBXFileReference; lastKnownFileType = sourcecode.swift; path = TestAppStoreUITests.swift; sourceTree = "<group>"; };
		0A004CB7237B9C4C00602B32 /* Info.plist */ = {isa = PBXFileReference; lastKnownFileType = text.plist.xml; path = Info.plist; sourceTree = "<group>"; };
		0A5015A92388D3020059F1B7 /* InAppPurchasesObserver.swift */ = {isa = PBXFileReference; lastKnownFileType = sourcecode.swift; path = InAppPurchasesObserver.swift; sourceTree = "<group>"; };
		0A5015AC2388E1C80059F1B7 /* StoreKit.framework */ = {isa = PBXFileReference; lastKnownFileType = wrapper.framework; name = StoreKit.framework; path = System/Library/Frameworks/StoreKit.framework; sourceTree = SDKROOT; };
		0A5015AE23891AB50059F1B7 /* IAPProduct.swift */ = {isa = PBXFileReference; lastKnownFileType = sourcecode.swift; path = IAPProduct.swift; sourceTree = "<group>"; };
		0A5015B023891C290059F1B7 /* IAPService.swift */ = {isa = PBXFileReference; lastKnownFileType = sourcecode.swift; path = IAPService.swift; sourceTree = "<group>"; };
/* End PBXFileReference section */

/* Begin PBXFrameworksBuildPhase section */
		0A004C8D237B9C4A00602B32 /* Frameworks */ = {
			isa = PBXFrameworksBuildPhase;
			buildActionMask = 2147483647;
			files = (
				0A5015AD2388E1C80059F1B7 /* StoreKit.framework in Frameworks */,
			);
			runOnlyForDeploymentPostprocessing = 0;
		};
		0A004CA3237B9C4C00602B32 /* Frameworks */ = {
			isa = PBXFrameworksBuildPhase;
			buildActionMask = 2147483647;
			files = (
			);
			runOnlyForDeploymentPostprocessing = 0;
		};
		0A004CAE237B9C4C00602B32 /* Frameworks */ = {
			isa = PBXFrameworksBuildPhase;
			buildActionMask = 2147483647;
			files = (
			);
			runOnlyForDeploymentPostprocessing = 0;
		};
/* End PBXFrameworksBuildPhase section */

/* Begin PBXGroup section */
		0A004C87237B9C4A00602B32 = {
			isa = PBXGroup;
			children = (
				0A004C92237B9C4A00602B32 /* TestAppStore */,
				0A004CA9237B9C4C00602B32 /* TestAppStoreTests */,
				0A004CB4237B9C4C00602B32 /* TestAppStoreUITests */,
				0A004C91237B9C4A00602B32 /* Products */,
				0A5015AB2388E1C80059F1B7 /* Frameworks */,
			);
			sourceTree = "<group>";
		};
		0A004C91237B9C4A00602B32 /* Products */ = {
			isa = PBXGroup;
			children = (
				0A004C90237B9C4A00602B32 /* TestAppStore.app */,
				0A004CA6237B9C4C00602B32 /* TestAppStoreTests.xctest */,
				0A004CB1237B9C4C00602B32 /* TestAppStoreUITests.xctest */,
			);
			name = Products;
			sourceTree = "<group>";
		};
		0A004C92237B9C4A00602B32 /* TestAppStore */ = {
			isa = PBXGroup;
			children = (
				0A5015A82388D2AC0059F1B7 /* In-App Purchases */,
				0A004C93237B9C4A00602B32 /* AppDelegate.swift */,
				0A004C95237B9C4A00602B32 /* SceneDelegate.swift */,
				0A004C97237B9C4A00602B32 /* ItemsViewController.swift */,
				0A004C99237B9C4A00602B32 /* Main.storyboard */,
				0A004C9C237B9C4C00602B32 /* Assets.xcassets */,
				0A004C9E237B9C4C00602B32 /* LaunchScreen.storyboard */,
				0A004CA1237B9C4C00602B32 /* Info.plist */,
			);
			path = TestAppStore;
			sourceTree = "<group>";
		};
		0A004CA9237B9C4C00602B32 /* TestAppStoreTests */ = {
			isa = PBXGroup;
			children = (
				0A004CAA237B9C4C00602B32 /* TestAppStoreTests.swift */,
				0A004CAC237B9C4C00602B32 /* Info.plist */,
			);
			path = TestAppStoreTests;
			sourceTree = "<group>";
		};
		0A004CB4237B9C4C00602B32 /* TestAppStoreUITests */ = {
			isa = PBXGroup;
			children = (
				0A004CB5237B9C4C00602B32 /* TestAppStoreUITests.swift */,
				0A004CB7237B9C4C00602B32 /* Info.plist */,
			);
			path = TestAppStoreUITests;
			sourceTree = "<group>";
		};
		0A5015A82388D2AC0059F1B7 /* In-App Purchases */ = {
			isa = PBXGroup;
			children = (
				0A5015A92388D3020059F1B7 /* InAppPurchasesObserver.swift */,
				0A5015AE23891AB50059F1B7 /* IAPProduct.swift */,
				0A5015B023891C290059F1B7 /* IAPService.swift */,
			);
			path = "In-App Purchases";
			sourceTree = "<group>";
		};
		0A5015AB2388E1C80059F1B7 /* Frameworks */ = {
			isa = PBXGroup;
			children = (
				0A5015AC2388E1C80059F1B7 /* StoreKit.framework */,
			);
			name = Frameworks;
			sourceTree = "<group>";
		};
/* End PBXGroup section */

/* Begin PBXNativeTarget section */
		0A004C8F237B9C4A00602B32 /* TestAppStore */ = {
			isa = PBXNativeTarget;
			buildConfigurationList = 0A004CBA237B9C4C00602B32 /* Build configuration list for PBXNativeTarget "TestAppStore" */;
			buildPhases = (
				0A004C8C237B9C4A00602B32 /* Sources */,
				0A004C8D237B9C4A00602B32 /* Frameworks */,
				0A004C8E237B9C4A00602B32 /* Resources */,
			);
			buildRules = (
			);
			dependencies = (
			);
			name = TestAppStore;
			productName = TestAppStore;
			productReference = 0A004C90237B9C4A00602B32 /* TestAppStore.app */;
			productType = "com.apple.product-type.application";
		};
		0A004CA5237B9C4C00602B32 /* TestAppStoreTests */ = {
			isa = PBXNativeTarget;
			buildConfigurationList = 0A004CBD237B9C4C00602B32 /* Build configuration list for PBXNativeTarget "TestAppStoreTests" */;
			buildPhases = (
				0A004CA2237B9C4C00602B32 /* Sources */,
				0A004CA3237B9C4C00602B32 /* Frameworks */,
				0A004CA4237B9C4C00602B32 /* Resources */,
			);
			buildRules = (
			);
			dependencies = (
				0A004CA8237B9C4C00602B32 /* PBXTargetDependency */,
			);
			name = TestAppStoreTests;
			productName = TestAppStoreTests;
			productReference = 0A004CA6237B9C4C00602B32 /* TestAppStoreTests.xctest */;
			productType = "com.apple.product-type.bundle.unit-test";
		};
		0A004CB0237B9C4C00602B32 /* TestAppStoreUITests */ = {
			isa = PBXNativeTarget;
			buildConfigurationList = 0A004CC0237B9C4C00602B32 /* Build configuration list for PBXNativeTarget "TestAppStoreUITests" */;
			buildPhases = (
				0A004CAD237B9C4C00602B32 /* Sources */,
				0A004CAE237B9C4C00602B32 /* Frameworks */,
				0A004CAF237B9C4C00602B32 /* Resources */,
			);
			buildRules = (
			);
			dependencies = (
				0A004CB3237B9C4C00602B32 /* PBXTargetDependency */,
			);
			name = TestAppStoreUITests;
			productName = TestAppStoreUITests;
			productReference = 0A004CB1237B9C4C00602B32 /* TestAppStoreUITests.xctest */;
			productType = "com.apple.product-type.bundle.ui-testing";
		};
/* End PBXNativeTarget section */

/* Begin PBXProject section */
		0A004C88237B9C4A00602B32 /* Project object */ = {
			isa = PBXProject;
			attributes = {
				LastSwiftUpdateCheck = 1120;
				LastUpgradeCheck = 1120;
				ORGANIZATIONNAME = wuweixin;
				TargetAttributes = {
					0A004C8F237B9C4A00602B32 = {
						CreatedOnToolsVersion = 11.2;
					};
					0A004CA5237B9C4C00602B32 = {
						CreatedOnToolsVersion = 11.2;
						TestTargetID = 0A004C8F237B9C4A00602B32;
					};
					0A004CB0237B9C4C00602B32 = {
						CreatedOnToolsVersion = 11.2;
						TestTargetID = 0A004C8F237B9C4A00602B32;
					};
				};
			};
			buildConfigurationList = 0A004C8B237B9C4A00602B32 /* Build configuration list for PBXProject "TestAppStore" */;
			compatibilityVersion = "Xcode 9.3";
			developmentRegion = en;
			hasScannedForEncodings = 0;
			knownRegions = (
				en,
				Base,
			);
			mainGroup = 0A004C87237B9C4A00602B32;
			productRefGroup = 0A004C91237B9C4A00602B32 /* Products */;
			projectDirPath = "";
			projectRoot = "";
			targets = (
				0A004C8F237B9C4A00602B32 /* TestAppStore */,
				0A004CA5237B9C4C00602B32 /* TestAppStoreTests */,
				0A004CB0237B9C4C00602B32 /* TestAppStoreUITests */,
			);
		};
/* End PBXProject section */

/* Begin PBXResourcesBuildPhase section */
		0A004C8E237B9C4A00602B32 /* Resources */ = {
			isa = PBXResourcesBuildPhase;
			buildActionMask = 2147483647;
			files = (
				0A004CA0237B9C4C00602B32 /* LaunchScreen.storyboard in Resources */,
				0A004C9D237B9C4C00602B32 /* Assets.xcassets in Resources */,
				0A004C9B237B9C4A00602B32 /* Main.storyboard in Resources */,
			);
			runOnlyForDeploymentPostprocessing = 0;
		};
		0A004CA4237B9C4C00602B32 /* Resources */ = {
			isa = PBXResourcesBuildPhase;
			buildActionMask = 2147483647;
			files = (
			);
			runOnlyForDeploymentPostprocessing = 0;
		};
		0A004CAF237B9C4C00602B32 /* Resources */ = {
			isa = PBXResourcesBuildPhase;
			buildActionMask = 2147483647;
			files = (
			);
			runOnlyForDeploymentPostprocessing = 0;
		};
/* End PBXResourcesBuildPhase section */

/* Begin PBXSourcesBuildPhase section */
		0A004C8C237B9C4A00602B32 /* Sources */ = {
			isa = PBXSourcesBuildPhase;
			buildActionMask = 2147483647;
			files = (
				0A004C98237B9C4A00602B32 /* ItemsViewController.swift in Sources */,
				0A5015AA2388D3020059F1B7 /* InAppPurchasesObserver.swift in Sources */,
				0A5015B123891C290059F1B7 /* IAPService.swift in Sources */,
				0A004C94237B9C4A00602B32 /* AppDelegate.swift in Sources */,
				0A004C96237B9C4A00602B32 /* SceneDelegate.swift in Sources */,
				0A5015AF23891AB50059F1B7 /* IAPProduct.swift in Sources */,
			);
			runOnlyForDeploymentPostprocessing = 0;
		};
		0A004CA2237B9C4C00602B32 /* Sources */ = {
			isa = PBXSourcesBuildPhase;
			buildActionMask = 2147483647;
			files = (
				0A004CAB237B9C4C00602B32 /* TestAppStoreTests.swift in Sources */,
			);
			runOnlyForDeploymentPostprocessing = 0;
		};
		0A004CAD237B9C4C00602B32 /* Sources */ = {
			isa = PBXSourcesBuildPhase;
			buildActionMask = 2147483647;
			files = (
				0A004CB6237B9C4C00602B32 /* TestAppStoreUITests.swift in Sources */,
			);
			runOnlyForDeploymentPostprocessing = 0;
		};
/* End PBXSourcesBuildPhase section */

/* Begin PBXTargetDependency section */
		0A004CA8237B9C4C00602B32 /* PBXTargetDependency */ = {
			isa = PBXTargetDependency;
			target = 0A004C8F237B9C4A00602B32 /* TestAppStore */;
			targetProxy = 0A004CA7237B9C4C00602B32 /* PBXContainerItemProxy */;
		};
		0A004CB3237B9C4C00602B32 /* PBXTargetDependency */ = {
			isa = PBXTargetDependency;
			target = 0A004C8F237B9C4A00602B32 /* TestAppStore */;
			targetProxy = 0A004CB2237B9C4C00602B32 /* PBXContainerItemProxy */;
		};
/* End PBXTargetDependency section */

/* Begin PBXVariantGroup section */
		0A004C99237B9C4A00602B32 /* Main.storyboard */ = {
			isa = PBXVariantGroup;
			children = (
				0A004C9A237B9C4A00602B32 /* Base */,
			);
			name = Main.storyboard;
			sourceTree = "<group>";
		};
		0A004C9E237B9C4C00602B32 /* LaunchScreen.storyboard */ = {
			isa = PBXVariantGroup;
			children = (
				0A004C9F237B9C4C00602B32 /* Base */,
			);
			name = LaunchScreen.storyboard;
			sourceTree = "<group>";
		};
/* End PBXVariantGroup section */

/* Begin XCBuildConfiguration section */
		0A004CB8237B9C4C00602B32 /* Debug */ = {
			isa = XCBuildConfiguration;
			buildSettings = {
				ALWAYS_SEARCH_USER_PATHS = NO;
				CLANG_ANALYZER_NONNULL = YES;
				CLANG_ANALYZER_NUMBER_OBJECT_CONVERSION = YES_AGGRESSIVE;
				CLANG_CXX_LANGUAGE_STANDARD = "gnu++14";
				CLANG_CXX_LIBRARY = "libc++";
				CLANG_ENABLE_MODULES = YES;
				CLANG_ENABLE_OBJC_ARC = YES;
				CLANG_ENABLE_OBJC_WEAK = YES;
				CLANG_WARN_BLOCK_CAPTURE_AUTORELEASING = YES;
				CLANG_WARN_BOOL_CONVERSION = YES;
				CLANG_WARN_COMMA = YES;
				CLANG_WARN_CONSTANT_CONVERSION = YES;
				CLANG_WARN_DEPRECATED_OBJC_IMPLEMENTATIONS = YES;
				CLANG_WARN_DIRECT_OBJC_ISA_USAGE = YES_ERROR;
				CLANG_WARN_DOCUMENTATION_COMMENTS = YES;
				CLANG_WARN_EMPTY_BODY = YES;
				CLANG_WARN_ENUM_CONVERSION = YES;
				CLANG_WARN_INFINITE_RECURSION = YES;
				CLANG_WARN_INT_CONVERSION = YES;
				CLANG_WARN_NON_LITERAL_NULL_CONVERSION = YES;
				CLANG_WARN_OBJC_IMPLICIT_RETAIN_SELF = YES;
				CLANG_WARN_OBJC_LITERAL_CONVERSION = YES;
				CLANG_WARN_OBJC_ROOT_CLASS = YES_ERROR;
				CLANG_WARN_RANGE_LOOP_ANALYSIS = YES;
				CLANG_WARN_STRICT_PROTOTYPES = YES;
				CLANG_WARN_SUSPICIOUS_MOVE = YES;
				CLANG_WARN_UNGUARDED_AVAILABILITY = YES_AGGRESSIVE;
				CLANG_WARN_UNREACHABLE_CODE = YES;
				CLANG_WARN__DUPLICATE_METHOD_MATCH = YES;
				COPY_PHASE_STRIP = NO;
				DEBUG_INFORMATION_FORMAT = dwarf;
				ENABLE_STRICT_OBJC_MSGSEND = YES;
				ENABLE_TESTABILITY = YES;
				GCC_C_LANGUAGE_STANDARD = gnu11;
				GCC_DYNAMIC_NO_PIC = NO;
				GCC_NO_COMMON_BLOCKS = YES;
				GCC_OPTIMIZATION_LEVEL = 0;
				GCC_PREPROCESSOR_DEFINITIONS = (
					"DEBUG=1",
					"$(inherited)",
				);
				GCC_WARN_64_TO_32_BIT_CONVERSION = YES;
				GCC_WARN_ABOUT_RETURN_TYPE = YES_ERROR;
				GCC_WARN_UNDECLARED_SELECTOR = YES;
				GCC_WARN_UNINITIALIZED_AUTOS = YES_AGGRESSIVE;
				GCC_WARN_UNUSED_FUNCTION = YES;
				GCC_WARN_UNUSED_VARIABLE = YES;
				IPHONEOS_DEPLOYMENT_TARGET = 10.0;
				MTL_ENABLE_DEBUG_INFO = INCLUDE_SOURCE;
				MTL_FAST_MATH = YES;
				ONLY_ACTIVE_ARCH = YES;
				SDKROOT = iphoneos;
				SWIFT_ACTIVE_COMPILATION_CONDITIONS = DEBUG;
				SWIFT_OPTIMIZATION_LEVEL = "-Onone";
			};
			name = Debug;
		};
		0A004CB9237B9C4C00602B32 /* Release */ = {
			isa = XCBuildConfiguration;
			buildSettings = {
				ALWAYS_SEARCH_USER_PATHS = NO;
				CLANG_ANALYZER_NONNULL = YES;
				CLANG_ANALYZER_NUMBER_OBJECT_CONVERSION = YES_AGGRESSIVE;
				CLANG_CXX_LANGUAGE_STANDARD = "gnu++14";
				CLANG_CXX_LIBRARY = "libc++";
				CLANG_ENABLE_MODULES = YES;
				CLANG_ENABLE_OBJC_ARC = YES;
				CLANG_ENABLE_OBJC_WEAK = YES;
				CLANG_WARN_BLOCK_CAPTURE_AUTORELEASING = YES;
				CLANG_WARN_BOOL_CONVERSION = YES;
				CLANG_WARN_COMMA = YES;
				CLANG_WARN_CONSTANT_CONVERSION = YES;
				CLANG_WARN_DEPRECATED_OBJC_IMPLEMENTATIONS = YES;
				CLANG_WARN_DIRECT_OBJC_ISA_USAGE = YES_ERROR;
				CLANG_WARN_DOCUMENTATION_COMMENTS = YES;
				CLANG_WARN_EMPTY_BODY = YES;
				CLANG_WARN_ENUM_CONVERSION = YES;
				CLANG_WARN_INFINITE_RECURSION = YES;
				CLANG_WARN_INT_CONVERSION = YES;
				CLANG_WARN_NON_LITERAL_NULL_CONVERSION = YES;
				CLANG_WARN_OBJC_IMPLICIT_RETAIN_SELF = YES;
				CLANG_WARN_OBJC_LITERAL_CONVERSION = YES;
				CLANG_WARN_OBJC_ROOT_CLASS = YES_ERROR;
				CLANG_WARN_RANGE_LOOP_ANALYSIS = YES;
				CLANG_WARN_STRICT_PROTOTYPES = YES;
				CLANG_WARN_SUSPICIOUS_MOVE = YES;
				CLANG_WARN_UNGUARDED_AVAILABILITY = YES_AGGRESSIVE;
				CLANG_WARN_UNREACHABLE_CODE = YES;
				CLANG_WARN__DUPLICATE_METHOD_MATCH = YES;
				COPY_PHASE_STRIP = NO;
				DEBUG_INFORMATION_FORMAT = "dwarf-with-dsym";
				ENABLE_NS_ASSERTIONS = NO;
				ENABLE_STRICT_OBJC_MSGSEND = YES;
				GCC_C_LANGUAGE_STANDARD = gnu11;
				GCC_NO_COMMON_BLOCKS = YES;
				GCC_WARN_64_TO_32_BIT_CONVERSION = YES;
				GCC_WARN_ABOUT_RETURN_TYPE = YES_ERROR;
				GCC_WARN_UNDECLARED_SELECTOR = YES;
				GCC_WARN_UNINITIALIZED_AUTOS = YES_AGGRESSIVE;
				GCC_WARN_UNUSED_FUNCTION = YES;
				GCC_WARN_UNUSED_VARIABLE = YES;
				IPHONEOS_DEPLOYMENT_TARGET = 10.0;
				MTL_ENABLE_DEBUG_INFO = NO;
				MTL_FAST_MATH = YES;
				SDKROOT = iphoneos;
				SWIFT_COMPILATION_MODE = wholemodule;
				SWIFT_OPTIMIZATION_LEVEL = "-O";
				VALIDATE_PRODUCT = YES;
			};
			name = Release;
		};
		0A004CBB237B9C4C00602B32 /* Debug */ = {
			isa = XCBuildConfiguration;
			buildSettings = {
				ASSETCATALOG_COMPILER_APPICON_NAME = AppIcon;
				CODE_SIGN_STYLE = Automatic;
				DEVELOPMENT_TEAM = S5VDKR9N5R;
				INFOPLIST_FILE = TestAppStore/Info.plist;
				IPHONEOS_DEPLOYMENT_TARGET = 10.0;
				LD_RUNPATH_SEARCH_PATHS = (
					"$(inherited)",
					"@executable_path/Frameworks",
				);
				PRODUCT_BUNDLE_IDENTIFIER = cn.wessonwu.app.TestAppStore;
				PRODUCT_NAME = "$(TARGET_NAME)";
				SWIFT_VERSION = 5.0;
				TARGETED_DEVICE_FAMILY = "1,2";
			};
			name = Debug;
		};
		0A004CBC237B9C4C00602B32 /* Release */ = {
			isa = XCBuildConfiguration;
			buildSettings = {
				ASSETCATALOG_COMPILER_APPICON_NAME = AppIcon;
				CODE_SIGN_STYLE = Automatic;
				DEVELOPMENT_TEAM = S5VDKR9N5R;
				INFOPLIST_FILE = TestAppStore/Info.plist;
				IPHONEOS_DEPLOYMENT_TARGET = 10.0;
				LD_RUNPATH_SEARCH_PATHS = (
					"$(inherited)",
					"@executable_path/Frameworks",
				);
				PRODUCT_BUNDLE_IDENTIFIER = cn.wessonwu.app.TestAppStore;
				PRODUCT_NAME = "$(TARGET_NAME)";
				SWIFT_VERSION = 5.0;
				TARGETED_DEVICE_FAMILY = "1,2";
			};
			name = Release;
		};
		0A004CBE237B9C4C00602B32 /* Debug */ = {
			isa = XCBuildConfiguration;
			buildSettings = {
				ALWAYS_EMBED_SWIFT_STANDARD_LIBRARIES = YES;
				BUNDLE_LOADER = "$(TEST_HOST)";
				CODE_SIGN_STYLE = Automatic;
				DEVELOPMENT_TEAM = S5VDKR9N5R;
				INFOPLIST_FILE = TestAppStoreTests/Info.plist;
				IPHONEOS_DEPLOYMENT_TARGET = 13.2;
				LD_RUNPATH_SEARCH_PATHS = (
					"$(inherited)",
					"@executable_path/Frameworks",
					"@loader_path/Frameworks",
				);
				PRODUCT_BUNDLE_IDENTIFIER = cn.wessonwu.app.TestAppStoreTests;
				PRODUCT_NAME = "$(TARGET_NAME)";
				SWIFT_VERSION = 5.0;
				TARGETED_DEVICE_FAMILY = "1,2";
				TEST_HOST = "$(BUILT_PRODUCTS_DIR)/TestAppStore.app/TestAppStore";
			};
			name = Debug;
		};
		0A004CBF237B9C4C00602B32 /* Release */ = {
			isa = XCBuildConfiguration;
			buildSettings = {
				ALWAYS_EMBED_SWIFT_STANDARD_LIBRARIES = YES;
				BUNDLE_LOADER = "$(TEST_HOST)";
				CODE_SIGN_STYLE = Automatic;
				DEVELOPMENT_TEAM = S5VDKR9N5R;
				INFOPLIST_FILE = TestAppStoreTests/Info.plist;
				IPHONEOS_DEPLOYMENT_TARGET = 13.2;
				LD_RUNPATH_SEARCH_PATHS = (
					"$(inherited)",
					"@executable_path/Frameworks",
					"@loader_path/Frameworks",
				);
				PRODUCT_BUNDLE_IDENTIFIER = cn.wessonwu.app.TestAppStoreTests;
				PRODUCT_NAME = "$(TARGET_NAME)";
				SWIFT_VERSION = 5.0;
				TARGETED_DEVICE_FAMILY = "1,2";
				TEST_HOST = "$(BUILT_PRODUCTS_DIR)/TestAppStore.app/TestAppStore";
			};
			name = Release;
		};
		0A004CC1237B9C4C00602B32 /* Debug */ = {
			isa = XCBuildConfiguration;
			buildSettings = {
				ALWAYS_EMBED_SWIFT_STANDARD_LIBRARIES = YES;
				CODE_SIGN_STYLE = Automatic;
				DEVELOPMENT_TEAM = S5VDKR9N5R;
				INFOPLIST_FILE = TestAppStoreUITests/Info.plist;
				LD_RUNPATH_SEARCH_PATHS = (
					"$(inherited)",
					"@executable_path/Frameworks",
					"@loader_path/Frameworks",
				);
				PRODUCT_BUNDLE_IDENTIFIER = cn.wessonwu.app.TestAppStoreUITests;
				PRODUCT_NAME = "$(TARGET_NAME)";
				SWIFT_VERSION = 5.0;
				TARGETED_DEVICE_FAMILY = "1,2";
				TEST_TARGET_NAME = TestAppStore;
			};
			name = Debug;
		};
		0A004CC2237B9C4C00602B32 /* Release */ = {
			isa = XCBuildConfiguration;
			buildSettings = {
				ALWAYS_EMBED_SWIFT_STANDARD_LIBRARIES = YES;
				CODE_SIGN_STYLE = Automatic;
				DEVELOPMENT_TEAM = S5VDKR9N5R;
				INFOPLIST_FILE = TestAppStoreUITests/Info.plist;
				LD_RUNPATH_SEARCH_PATHS = (
					"$(inherited)",
					"@executable_path/Frameworks",
					"@loader_path/Frameworks",
				);
				PRODUCT_BUNDLE_IDENTIFIER = cn.wessonwu.app.TestAppStoreUITests;
				PRODUCT_NAME = "$(TARGET_NAME)";
				SWIFT_VERSION = 5.0;
				TARGETED_DEVICE_FAMILY = "1,2";
				TEST_TARGET_NAME = TestAppStore;
			};
			name = Release;
		};
/* End XCBuildConfiguration section */

/* Begin XCConfigurationList section */
		0A004C8B237B9C4A00602B32 /* Build configuration list for PBXProject "TestAppStore" */ = {
			isa = XCConfigurationList;
			buildConfigurations = (
				0A004CB8237B9C4C00602B32 /* Debug */,
				0A004CB9237B9C4C00602B32 /* Release */,
			);
			defaultConfigurationIsVisible = 0;
			defaultConfigurationName = Release;
		};
		0A004CBA237B9C4C00602B32 /* Build configuration list for PBXNativeTarget "TestAppStore" */ = {
			isa = XCConfigurationList;
			buildConfigurations = (
				0A004CBB237B9C4C00602B32 /* Debug */,
				0A004CBC237B9C4C00602B32 /* Release */,
			);
			defaultConfigurationIsVisible = 0;
			defaultConfigurationName = Release;
		};
		0A004CBD237B9C4C00602B32 /* Build configuration list for PBXNativeTarget "TestAppStoreTests" */ = {
			isa = XCConfigurationList;
			buildConfigurations = (
				0A004CBE237B9C4C00602B32 /* Debug */,
				0A004CBF237B9C4C00602B32 /* Release */,
			);
			defaultConfigurationIsVisible = 0;
			defaultConfigurationName = Release;
		};
		0A004CC0237B9C4C00602B32 /* Build configuration list for PBXNativeTarget "TestAppStoreUITests" */ = {
			isa = XCConfigurationList;
			buildConfigurations = (
				0A004CC1237B9C4C00602B32 /* Debug */,
				0A004CC2237B9C4C00602B32 /* Release */,
			);
			defaultConfigurationIsVisible = 0;
			defaultConfigurationName = Release;
		};
/* End XCConfigurationList section */
	};
	rootObject = 0A004C88237B9C4A00602B32 /* Project object */;
}
