// !$*UTF8*$!
{
	archiveVersion = 1;
	classes = {
	};
	objectVersion = 51;
	objects = {

/* Begin PBXBuildFile section */
		0A5C493F22FFFDBC0057CE9D /* AppDelegate.swift in Sources */ = {isa = PBXBuildFile; fileRef = 0A5C493E22FFFDBC0057CE9D /* AppDelegate.swift */; };
		0A5C494422FFFDBC0057CE9D /* Main.storyboard in Resources */ = {isa = PBXBuildFile; fileRef = 0A5C494222FFFDBC0057CE9D /* Main.storyboard */; };
		0A5C494622FFFDBE0057CE9D /* Assets.xcassets in Resources */ = {isa = PBXBuildFile; fileRef = 0A5C494522FFFDBE0057CE9D /* Assets.xcassets */; };
		0A5C494922FFFDBE0057CE9D /* LaunchScreen.storyboard in Resources */ = {isa = PBXBuildFile; fileRef = 0A5C494722FFFDBE0057CE9D /* LaunchScreen.storyboard */; };
		0A5C495222FFFEBD0057CE9D /* StickyHeaderViewBinder.swift in Sources */ = {isa = PBXBuildFile; fileRef = 0A5C495122FFFEBD0057CE9D /* StickyHeaderViewBinder.swift */; };
		0A5C4954230001990057CE9D /* StickyHeaderViewController.swift in Sources */ = {isa = PBXBuildFile; fileRef = 0A5C4953230001990057CE9D /* StickyHeaderViewController.swift */; };
		0A5C4956230005B00057CE9D /* ViewController.swift in Sources */ = {isa = PBXBuildFile; fileRef = 0A5C4955230005B00057CE9D /* ViewController.swift */; };
		0A5C495A23005BE00057CE9D /* StickyHeaderTabViewController.swift in Sources */ = {isa = PBXBuildFile; fileRef = 0A5C495923005BE00057CE9D /* StickyHeaderTabViewController.swift */; };
		0A5C495C23005D400057CE9D /* TabDetailTableViewController.swift in Sources */ = {isa = PBXBuildFile; fileRef = 0A5C495B23005D400057CE9D /* TabDetailTableViewController.swift */; };
		B04565F2064A98A425A95461 /* Pods_StickyHeaderViewDemo.framework in Frameworks */ = {isa = PBXBuildFile; fileRef = 7E1BC0B4AFDD23044C883EF2 /* Pods_StickyHeaderViewDemo.framework */; };
/* End PBXBuildFile section */

/* Begin PBXFileReference section */
		0A5C493B22FFFDBC0057CE9D /* StickyHeaderViewDemo.app */ = {isa = PBXFileReference; explicitFileType = wrapper.application; includeInIndex = 0; path = StickyHeaderViewDemo.app; sourceTree = BUILT_PRODUCTS_DIR; };
		0A5C493E22FFFDBC0057CE9D /* AppDelegate.swift */ = {isa = PBXFileReference; lastKnownFileType = sourcecode.swift; path = AppDelegate.swift; sourceTree = "<group>"; };
		0A5C494322FFFDBC0057CE9D /* Base */ = {isa = PBXFileReference; lastKnownFileType = file.storyboard; name = Base; path = Base.lproj/Main.storyboard; sourceTree = "<group>"; };
		0A5C494522FFFDBE0057CE9D /* Assets.xcassets */ = {isa = PBXFileReference; lastKnownFileType = folder.assetcatalog; path = Assets.xcassets; sourceTree = "<group>"; };
		0A5C494822FFFDBE0057CE9D /* Base */ = {isa = PBXFileReference; lastKnownFileType = file.storyboard; name = Base; path = Base.lproj/LaunchScreen.storyboard; sourceTree = "<group>"; };
		0A5C494A22FFFDBE0057CE9D /* Info.plist */ = {isa = PBXFileReference; lastKnownFileType = text.plist.xml; path = Info.plist; sourceTree = "<group>"; };
		0A5C495122FFFEBD0057CE9D /* StickyHeaderViewBinder.swift */ = {isa = PBXFileReference; lastKnownFileType = sourcecode.swift; path = StickyHeaderViewBinder.swift; sourceTree = "<group>"; };
		0A5C4953230001990057CE9D /* StickyHeaderViewController.swift */ = {isa = PBXFileReference; lastKnownFileType = sourcecode.swift; path = StickyHeaderViewController.swift; sourceTree = "<group>"; };
		0A5C4955230005B00057CE9D /* ViewController.swift */ = {isa = PBXFileReference; fileEncoding = 4; lastKnownFileType = sourcecode.swift; path = ViewController.swift; sourceTree = "<group>"; };
		0A5C495923005BE00057CE9D /* StickyHeaderTabViewController.swift */ = {isa = PBXFileReference; lastKnownFileType = sourcecode.swift; path = StickyHeaderTabViewController.swift; sourceTree = "<group>"; };
		0A5C495B23005D400057CE9D /* TabDetailTableViewController.swift */ = {isa = PBXFileReference; lastKnownFileType = sourcecode.swift; path = TabDetailTableViewController.swift; sourceTree = "<group>"; };
		5A4156589823688AE57F46E8 /* Pods-StickyHeaderViewDemo.release.xcconfig */ = {isa = PBXFileReference; includeInIndex = 1; lastKnownFileType = text.xcconfig; name = "Pods-StickyHeaderViewDemo.release.xcconfig"; path = "Target Support Files/Pods-StickyHeaderViewDemo/Pods-StickyHeaderViewDemo.release.xcconfig"; sourceTree = "<group>"; };
		7E1BC0B4AFDD23044C883EF2 /* Pods_StickyHeaderViewDemo.framework */ = {isa = PBXFileReference; explicitFileType = wrapper.framework; includeInIndex = 0; path = Pods_StickyHeaderViewDemo.framework; sourceTree = BUILT_PRODUCTS_DIR; };
		D849C95C5DAFDEF6367FF63E /* Pods-StickyHeaderViewDemo.debug.xcconfig */ = {isa = PBXFileReference; includeInIndex = 1; lastKnownFileType = text.xcconfig; name = "Pods-StickyHeaderViewDemo.debug.xcconfig"; path = "Target Support Files/Pods-StickyHeaderViewDemo/Pods-StickyHeaderViewDemo.debug.xcconfig"; sourceTree = "<group>"; };
/* End PBXFileReference section */

/* Begin PBXFrameworksBuildPhase section */
		0A5C493822FFFDBC0057CE9D /* Frameworks */ = {
			isa = PBXFrameworksBuildPhase;
			buildActionMask = 2147483647;
			files = (
				B04565F2064A98A425A95461 /* Pods_StickyHeaderViewDemo.framework in Frameworks */,
			);
			runOnlyForDeploymentPostprocessing = 0;
		};
/* End PBXFrameworksBuildPhase section */

/* Begin PBXGroup section */
		0A5C493222FFFDBC0057CE9D = {
			isa = PBXGroup;
			children = (
				0A5C493D22FFFDBC0057CE9D /* StickyHeaderViewDemo */,
				0A5C493C22FFFDBC0057CE9D /* Products */,
				29003A2085C994559BF860FC /* Pods */,
				3747057B4EE178AD7794DDAD /* Frameworks */,
			);
			sourceTree = "<group>";
		};
		0A5C493C22FFFDBC0057CE9D /* Products */ = {
			isa = PBXGroup;
			children = (
				0A5C493B22FFFDBC0057CE9D /* StickyHeaderViewDemo.app */,
			);
			name = Products;
			sourceTree = "<group>";
		};
		0A5C493D22FFFDBC0057CE9D /* StickyHeaderViewDemo */ = {
			isa = PBXGroup;
			children = (
				0A5C4955230005B00057CE9D /* ViewController.swift */,
				0A5C495022FFFDC30057CE9D /* StickyHeaderView */,
				0A5C493E22FFFDBC0057CE9D /* AppDelegate.swift */,
				0A5C494222FFFDBC0057CE9D /* Main.storyboard */,
				0A5C494522FFFDBE0057CE9D /* Assets.xcassets */,
				0A5C494722FFFDBE0057CE9D /* LaunchScreen.storyboard */,
				0A5C494A22FFFDBE0057CE9D /* Info.plist */,
				0A5C4953230001990057CE9D /* StickyHeaderViewController.swift */,
				0A5C495923005BE00057CE9D /* StickyHeaderTabViewController.swift */,
				0A5C495B23005D400057CE9D /* TabDetailTableViewController.swift */,
			);
			path = StickyHeaderViewDemo;
			sourceTree = "<group>";
		};
		0A5C495022FFFDC30057CE9D /* StickyHeaderView */ = {
			isa = PBXGroup;
			children = (
				0A5C495122FFFEBD0057CE9D /* StickyHeaderViewBinder.swift */,
			);
			path = StickyHeaderView;
			sourceTree = "<group>";
		};
		29003A2085C994559BF860FC /* Pods */ = {
			isa = PBXGroup;
			children = (
				D849C95C5DAFDEF6367FF63E /* Pods-StickyHeaderViewDemo.debug.xcconfig */,
				5A4156589823688AE57F46E8 /* Pods-StickyHeaderViewDemo.release.xcconfig */,
			);
			path = Pods;
			sourceTree = "<group>";
		};
		3747057B4EE178AD7794DDAD /* Frameworks */ = {
			isa = PBXGroup;
			children = (
				7E1BC0B4AFDD23044C883EF2 /* Pods_StickyHeaderViewDemo.framework */,
			);
			name = Frameworks;
			sourceTree = "<group>";
		};
/* End PBXGroup section */

/* Begin PBXNativeTarget section */
		0A5C493A22FFFDBC0057CE9D /* StickyHeaderViewDemo */ = {
			isa = PBXNativeTarget;
			buildConfigurationList = 0A5C494D22FFFDBE0057CE9D /* Build configuration list for PBXNativeTarget "StickyHeaderViewDemo" */;
			buildPhases = (
				36529D4D1566AA73FB7EF59E /* [CP] Check Pods Manifest.lock */,
				0A5C493722FFFDBC0057CE9D /* Sources */,
				0A5C493822FFFDBC0057CE9D /* Frameworks */,
				0A5C493922FFFDBC0057CE9D /* Resources */,
				B4DA34C5FA56604380B7DECF /* [CP] Embed Pods Frameworks */,
			);
			buildRules = (
			);
			dependencies = (
			);
			name = StickyHeaderViewDemo;
			productName = StickyHeaderViewDemo;
			productReference = 0A5C493B22FFFDBC0057CE9D /* StickyHeaderViewDemo.app */;
			productType = "com.apple.product-type.application";
		};
/* End PBXNativeTarget section */

/* Begin PBXProject section */
		0A5C493322FFFDBC0057CE9D /* Project object */ = {
			isa = PBXProject;
			attributes = {
				LastSwiftUpdateCheck = 1030;
				LastUpgradeCheck = 1030;
				ORGANIZATIONNAME = wuweixin;
				TargetAttributes = {
					0A5C493A22FFFDBC0057CE9D = {
						CreatedOnToolsVersion = 10.3;
					};
				};
			};
			buildConfigurationList = 0A5C493622FFFDBC0057CE9D /* Build configuration list for PBXProject "StickyHeaderViewDemo" */;
			compatibilityVersion = "Xcode 9.3";
			developmentRegion = en;
			hasScannedForEncodings = 0;
			knownRegions = (
				en,
				Base,
			);
			mainGroup = 0A5C493222FFFDBC0057CE9D;
			productRefGroup = 0A5C493C22FFFDBC0057CE9D /* Products */;
			projectDirPath = "";
			projectRoot = "";
			targets = (
				0A5C493A22FFFDBC0057CE9D /* StickyHeaderViewDemo */,
			);
		};
/* End PBXProject section */

/* Begin PBXResourcesBuildPhase section */
		0A5C493922FFFDBC0057CE9D /* Resources */ = {
			isa = PBXResourcesBuildPhase;
			buildActionMask = 2147483647;
			files = (
				0A5C494922FFFDBE0057CE9D /* LaunchScreen.storyboard in Resources */,
				0A5C494622FFFDBE0057CE9D /* Assets.xcassets in Resources */,
				0A5C494422FFFDBC0057CE9D /* Main.storyboard in Resources */,
			);
			runOnlyForDeploymentPostprocessing = 0;
		};
/* End PBXResourcesBuildPhase section */

/* Begin PBXShellScriptBuildPhase section */
		36529D4D1566AA73FB7EF59E /* [CP] Check Pods Manifest.lock */ = {
			isa = PBXShellScriptBuildPhase;
			buildActionMask = 2147483647;
			files = (
			);
			inputFileListPaths = (
			);
			inputPaths = (
				"${PODS_PODFILE_DIR_PATH}/Podfile.lock",
				"${PODS_ROOT}/Manifest.lock",
			);
			name = "[CP] Check Pods Manifest.lock";
			outputFileListPaths = (
			);
			outputPaths = (
				"$(DERIVED_FILE_DIR)/Pods-StickyHeaderViewDemo-checkManifestLockResult.txt",
			);
			runOnlyForDeploymentPostprocessing = 0;
			shellPath = /bin/sh;
			shellScript = "diff \"${PODS_PODFILE_DIR_PATH}/Podfile.lock\" \"${PODS_ROOT}/Manifest.lock\" > /dev/null\nif [ $? != 0 ] ; then\n    # print error to STDERR\n    echo \"error: The sandbox is not in sync with the Podfile.lock. Run 'pod install' or update your CocoaPods installation.\" >&2\n    exit 1\nfi\n# This output is used by Xcode 'outputs' to avoid re-running this script phase.\necho \"SUCCESS\" > \"${SCRIPT_OUTPUT_FILE_0}\"\n";
			showEnvVarsInLog = 0;
		};
		B4DA34C5FA56604380B7DECF /* [CP] Embed Pods Frameworks */ = {
			isa = PBXShellScriptBuildPhase;
			buildActionMask = 2147483647;
			files = (
			);
			inputFileListPaths = (
				"${PODS_ROOT}/Target Support Files/Pods-StickyHeaderViewDemo/Pods-StickyHeaderViewDemo-frameworks-${CONFIGURATION}-input-files.xcfilelist",
			);
			name = "[CP] Embed Pods Frameworks";
			outputFileListPaths = (
				"${PODS_ROOT}/Target Support Files/Pods-StickyHeaderViewDemo/Pods-StickyHeaderViewDemo-frameworks-${CONFIGURATION}-output-files.xcfilelist",
			);
			runOnlyForDeploymentPostprocessing = 0;
			shellPath = /bin/sh;
			shellScript = "\"${PODS_ROOT}/Target Support Files/Pods-StickyHeaderViewDemo/Pods-StickyHeaderViewDemo-frameworks.sh\"\n";
			showEnvVarsInLog = 0;
		};
/* End PBXShellScriptBuildPhase section */

/* Begin PBXSourcesBuildPhase section */
		0A5C493722FFFDBC0057CE9D /* Sources */ = {
			isa = PBXSourcesBuildPhase;
			buildActionMask = 2147483647;
			files = (
				0A5C495C23005D400057CE9D /* TabDetailTableViewController.swift in Sources */,
				0A5C4954230001990057CE9D /* StickyHeaderViewController.swift in Sources */,
				0A5C493F22FFFDBC0057CE9D /* AppDelegate.swift in Sources */,
				0A5C4956230005B00057CE9D /* ViewController.swift in Sources */,
				0A5C495A23005BE00057CE9D /* StickyHeaderTabViewController.swift in Sources */,
				0A5C495222FFFEBD0057CE9D /* StickyHeaderViewBinder.swift in Sources */,
			);
			runOnlyForDeploymentPostprocessing = 0;
		};
/* End PBXSourcesBuildPhase section */

/* Begin PBXVariantGroup section */
		0A5C494222FFFDBC0057CE9D /* Main.storyboard */ = {
			isa = PBXVariantGroup;
			children = (
				0A5C494322FFFDBC0057CE9D /* Base */,
			);
			name = Main.storyboard;
			sourceTree = "<group>";
		};
		0A5C494722FFFDBE0057CE9D /* LaunchScreen.storyboard */ = {
			isa = PBXVariantGroup;
			children = (
				0A5C494822FFFDBE0057CE9D /* Base */,
			);
			name = LaunchScreen.storyboard;
			sourceTree = "<group>";
		};
/* End PBXVariantGroup section */

/* Begin XCBuildConfiguration section */
		0A5C494B22FFFDBE0057CE9D /* Debug */ = {
			isa = XCBuildConfiguration;
			buildSettings = {
				ALWAYS_SEARCH_USER_PATHS = NO;
				CLANG_ANALYZER_NONNULL = YES;
				CLANG_ANALYZER_NUMBER_OBJECT_CONVERSION = YES_AGGRESSIVE;
				CLANG_CXX_LANGUAGE_STANDARD = "gnu++14";
				CLANG_CXX_LIBRARY = "libc++";
				CLANG_ENABLE_MODULES = YES;
				CLANG_ENABLE_OBJC_ARC = YES;
				CLANG_ENABLE_OBJC_WEAK = YES;
				CLANG_WARN_BLOCK_CAPTURE_AUTORELEASING = YES;
				CLANG_WARN_BOOL_CONVERSION = YES;
				CLANG_WARN_COMMA = YES;
				CLANG_WARN_CONSTANT_CONVERSION = YES;
				CLANG_WARN_DEPRECATED_OBJC_IMPLEMENTATIONS = YES;
				CLANG_WARN_DIRECT_OBJC_ISA_USAGE = YES_ERROR;
				CLANG_WARN_DOCUMENTATION_COMMENTS = YES;
				CLANG_WARN_EMPTY_BODY = YES;
				CLANG_WARN_ENUM_CONVERSION = YES;
				CLANG_WARN_INFINITE_RECURSION = YES;
				CLANG_WARN_INT_CONVERSION = YES;
				CLANG_WARN_NON_LITERAL_NULL_CONVERSION = YES;
				CLANG_WARN_OBJC_IMPLICIT_RETAIN_SELF = YES;
				CLANG_WARN_OBJC_LITERAL_CONVERSION = YES;
				CLANG_WARN_OBJC_ROOT_CLASS = YES_ERROR;
				CLANG_WARN_RANGE_LOOP_ANALYSIS = YES;
				CLANG_WARN_STRICT_PROTOTYPES = YES;
				CLANG_WARN_SUSPICIOUS_MOVE = YES;
				CLANG_WARN_UNGUARDED_AVAILABILITY = YES_AGGRESSIVE;
				CLANG_WARN_UNREACHABLE_CODE = YES;
				CLANG_WARN__DUPLICATE_METHOD_MATCH = YES;
				CODE_SIGN_IDENTITY = "iPhone Developer";
				COPY_PHASE_STRIP = NO;
				DEBUG_INFORMATION_FORMAT = dwarf;
				ENABLE_STRICT_OBJC_MSGSEND = YES;
				ENABLE_TESTABILITY = YES;
				GCC_C_LANGUAGE_STANDARD = gnu11;
				GCC_DYNAMIC_NO_PIC = NO;
				GCC_NO_COMMON_BLOCKS = YES;
				GCC_OPTIMIZATION_LEVEL = 0;
				GCC_PREPROCESSOR_DEFINITIONS = (
					"DEBUG=1",
					"$(inherited)",
				);
				GCC_WARN_64_TO_32_BIT_CONVERSION = YES;
				GCC_WARN_ABOUT_RETURN_TYPE = YES_ERROR;
				GCC_WARN_UNDECLARED_SELECTOR = YES;
				GCC_WARN_UNINITIALIZED_AUTOS = YES_AGGRESSIVE;
				GCC_WARN_UNUSED_FUNCTION = YES;
				GCC_WARN_UNUSED_VARIABLE = YES;
				IPHONEOS_DEPLOYMENT_TARGET = 9.0;
				MTL_ENABLE_DEBUG_INFO = INCLUDE_SOURCE;
				MTL_FAST_MATH = YES;
				ONLY_ACTIVE_ARCH = YES;
				SDKROOT = iphoneos;
				SWIFT_ACTIVE_COMPILATION_CONDITIONS = DEBUG;
				SWIFT_OPTIMIZATION_LEVEL = "-Onone";
			};
			name = Debug;
		};
		0A5C494C22FFFDBE0057CE9D /* Release */ = {
			isa = XCBuildConfiguration;
			buildSettings = {
				ALWAYS_SEARCH_USER_PATHS = NO;
				CLANG_ANALYZER_NONNULL = YES;
				CLANG_ANALYZER_NUMBER_OBJECT_CONVERSION = YES_AGGRESSIVE;
				CLANG_CXX_LANGUAGE_STANDARD = "gnu++14";
				CLANG_CXX_LIBRARY = "libc++";
				CLANG_ENABLE_MODULES = YES;
				CLANG_ENABLE_OBJC_ARC = YES;
				CLANG_ENABLE_OBJC_WEAK = YES;
				CLANG_WARN_BLOCK_CAPTURE_AUTORELEASING = YES;
				CLANG_WARN_BOOL_CONVERSION = YES;
				CLANG_WARN_COMMA = YES;
				CLANG_WARN_CONSTANT_CONVERSION = YES;
				CLANG_WARN_DEPRECATED_OBJC_IMPLEMENTATIONS = YES;
				CLANG_WARN_DIRECT_OBJC_ISA_USAGE = YES_ERROR;
				CLANG_WARN_DOCUMENTATION_COMMENTS = YES;
				CLANG_WARN_EMPTY_BODY = YES;
				CLANG_WARN_ENUM_CONVERSION = YES;
				CLANG_WARN_INFINITE_RECURSION = YES;
				CLANG_WARN_INT_CONVERSION = YES;
				CLANG_WARN_NON_LITERAL_NULL_CONVERSION = YES;
				CLANG_WARN_OBJC_IMPLICIT_RETAIN_SELF = YES;
				CLANG_WARN_OBJC_LITERAL_CONVERSION = YES;
				CLANG_WARN_OBJC_ROOT_CLASS = YES_ERROR;
				CLANG_WARN_RANGE_LOOP_ANALYSIS = YES;
				CLANG_WARN_STRICT_PROTOTYPES = YES;
				CLANG_WARN_SUSPICIOUS_MOVE = YES;
				CLANG_WARN_UNGUARDED_AVAILABILITY = YES_AGGRESSIVE;
				CLANG_WARN_UNREACHABLE_CODE = YES;
				CLANG_WARN__DUPLICATE_METHOD_MATCH = YES;
				CODE_SIGN_IDENTITY = "iPhone Developer";
				COPY_PHASE_STRIP = NO;
				DEBUG_INFORMATION_FORMAT = "dwarf-with-dsym";
				ENABLE_NS_ASSERTIONS = NO;
				ENABLE_STRICT_OBJC_MSGSEND = YES;
				GCC_C_LANGUAGE_STANDARD = gnu11;
				GCC_NO_COMMON_BLOCKS = YES;
				GCC_WARN_64_TO_32_BIT_CONVERSION = YES;
				GCC_WARN_ABOUT_RETURN_TYPE = YES_ERROR;
				GCC_WARN_UNDECLARED_SELECTOR = YES;
				GCC_WARN_UNINITIALIZED_AUTOS = YES_AGGRESSIVE;
				GCC_WARN_UNUSED_FUNCTION = YES;
				GCC_WARN_UNUSED_VARIABLE = YES;
				IPHONEOS_DEPLOYMENT_TARGET = 9.0;
				MTL_ENABLE_DEBUG_INFO = NO;
				MTL_FAST_MATH = YES;
				SDKROOT = iphoneos;
				SWIFT_COMPILATION_MODE = wholemodule;
				SWIFT_OPTIMIZATION_LEVEL = "-O";
				VALIDATE_PRODUCT = YES;
			};
			name = Release;
		};
		0A5C494E22FFFDBE0057CE9D /* Debug */ = {
			isa = XCBuildConfiguration;
			baseConfigurationReference = D849C95C5DAFDEF6367FF63E /* Pods-StickyHeaderViewDemo.debug.xcconfig */;
			buildSettings = {
				ASSETCATALOG_COMPILER_APPICON_NAME = AppIcon;
				CODE_SIGN_STYLE = Automatic;
				DEVELOPMENT_TEAM = S5VDKR9N5R;
				INFOPLIST_FILE = StickyHeaderViewDemo/Info.plist;
				LD_RUNPATH_SEARCH_PATHS = (
					"$(inherited)",
					"@executable_path/Frameworks",
				);
				PRODUCT_BUNDLE_IDENTIFIER = cn.wessonwu.demos.StickyHeaderViewDemo;
				PRODUCT_NAME = "$(TARGET_NAME)";
				SWIFT_VERSION = 5.0;
				TARGETED_DEVICE_FAMILY = "1,2";
			};
			name = Debug;
		};
		0A5C494F22FFFDBE0057CE9D /* Release */ = {
			isa = XCBuildConfiguration;
			baseConfigurationReference = 5A4156589823688AE57F46E8 /* Pods-StickyHeaderViewDemo.release.xcconfig */;
			buildSettings = {
				ASSETCATALOG_COMPILER_APPICON_NAME = AppIcon;
				CODE_SIGN_STYLE = Automatic;
				DEVELOPMENT_TEAM = S5VDKR9N5R;
				INFOPLIST_FILE = StickyHeaderViewDemo/Info.plist;
				LD_RUNPATH_SEARCH_PATHS = (
					"$(inherited)",
					"@executable_path/Frameworks",
				);
				PRODUCT_BUNDLE_IDENTIFIER = cn.wessonwu.demos.StickyHeaderViewDemo;
				PRODUCT_NAME = "$(TARGET_NAME)";
				SWIFT_VERSION = 5.0;
				TARGETED_DEVICE_FAMILY = "1,2";
			};
			name = Release;
		};
/* End XCBuildConfiguration section */

/* Begin XCConfigurationList section */
		0A5C493622FFFDBC0057CE9D /* Build configuration list for PBXProject "StickyHeaderViewDemo" */ = {
			isa = XCConfigurationList;
			buildConfigurations = (
				0A5C494B22FFFDBE0057CE9D /* Debug */,
				0A5C494C22FFFDBE0057CE9D /* Release */,
			);
			defaultConfigurationIsVisible = 0;
			defaultConfigurationName = Release;
		};
		0A5C494D22FFFDBE0057CE9D /* Build configuration list for PBXNativeTarget "StickyHeaderViewDemo" */ = {
			isa = XCConfigurationList;
			buildConfigurations = (
				0A5C494E22FFFDBE0057CE9D /* Debug */,
				0A5C494F22FFFDBE0057CE9D /* Release */,
			);
			defaultConfigurationIsVisible = 0;
			defaultConfigurationName = Release;
		};
/* End XCConfigurationList section */
	};
	rootObject = 0A5C493322FFFDBC0057CE9D /* Project object */;
}
